
Microsoft Visual Studio Solution File, Format Version 12.00
# Visual Studio Version 16
VisualStudioVersion = 16.0.29403.142
MinimumVisualStudioVersion = 10.0.40219.1
Project("{FAE04EC0-301F-11D3-BF4B-00C04F79EFBC}") = "TestNinja", "TestNinja\TestNinja.csproj", "{7328740E-4B78-464F-8352-65D887F2145F}"
EndProject
Project("{FAE04EC0-301F-11D3-BF4B-00C04F79EFBC}") = "TestNinja.UnitTest", "TestNinja.UnitTest\TestNinja.UnitTest.csproj", "{EC54C1B5-17F3-4C23-B6CA-26FC6B321FD0}"
EndProject
Global
	GlobalSection(SolutionConfigurationPlatforms) = preSolution
		Debug|Any CPU = Debug|Any CPU
		Release|Any CPU = Release|Any CPU
	EndGlobalSection
	GlobalSection(ProjectConfigurationPlatforms) = postSolution
		{7328740E-4B78-464F-8352-65D887F2145F}.Debug|Any CPU.ActiveCfg = Debug|Any CPU
		{7328740E-4B78-464F-8352-65D887F2145F}.Debug|Any CPU.Build.0 = Debug|Any CPU
		{7328740E-4B78-464F-8352-65D887F2145F}.Release|Any CPU.ActiveCfg = Release|Any CPU
		{7328740E-4B78-464F-8352-65D887F2145F}.Release|Any CPU.Build.0 = Release|Any CPU
		{EC54C1B5-17F3-4C23-B6CA-26FC6B321FD0}.Debug|Any CPU.ActiveCfg = Debug|Any CPU
		{EC54C1B5-17F3-4C23-B6CA-26FC6B321FD0}.Debug|Any CPU.Build.0 = Debug|Any CPU
		{EC54C1B5-17F3-4C23-B6CA-26FC6B321FD0}.Release|Any CPU.ActiveCfg = Release|Any CPU
		{EC54C1B5-17F3-4C23-B6CA-26FC6B321FD0}.Release|Any CPU.Build.0 = Release|Any CPU
	EndGlobalSection
	GlobalSection(SolutionProperties) = preSolution
		HideSolutionNode = FALSE
	EndGlobalSection
	GlobalSection(ExtensibilityGlobals) = postSolution
		SolutionGuid = {F443A4F5-B298-4431-8293-EC1BA0A5A1D2}
	EndGlobalSection
EndGlobal
